
Microsoft Visual Studio Solution File, Format Version 12.00
# Visual Studio Version 16
VisualStudioVersion = 16.0.29230.47
MinimumVisualStudioVersion = 10.0.40219.1
Project("{9A19103F-16F7-4668-BE54-9A1E7A4F7556}") = "FluentFramework", "FluentFramework\FluentFramework.csproj", "{A9C90F6E-592D-4424-BFDB-B1F598BA63D2}"
EndProject
Project("{FAE04EC0-301F-11D3-BF4B-00C04F79EFBC}") = "FluentFramework.Tests", "FluentFramework.Tests\FluentFramework.Tests.csproj", "{F348BAB5-8D43-4121-B898-167060BA4DE6}"
EndProject
Project("{9A19103F-16F7-4668-BE54-9A1E7A4F7556}") = "FluentFramework.Observing", "FluentFramework.Observing\FluentFramework.Observing.csproj", "{A706786C-4D24-464D-9211-6CEC95788CF9}"
EndProject
Project("{FAE04EC0-301F-11D3-BF4B-00C04F79EFBC}") = "FluentFramework.Observing.Tests", "FluentFramework.Observing.Tests\FluentFramework.Observing.Tests.csproj", "{3389A26F-77AF-40F6-BE0B-03C149C9A7BD}"
EndProject
Global
	GlobalSection(SolutionConfigurationPlatforms) = preSolution
		Debug|Any CPU = Debug|Any CPU
		Release|Any CPU = Release|Any CPU
	EndGlobalSection
	GlobalSection(ProjectConfigurationPlatforms) = postSolution
		{A9C90F6E-592D-4424-BFDB-B1F598BA63D2}.Debug|Any CPU.ActiveCfg = Debug|Any CPU
		{A9C90F6E-592D-4424-BFDB-B1F598BA63D2}.Debug|Any CPU.Build.0 = Debug|Any CPU
		{A9C90F6E-592D-4424-BFDB-B1F598BA63D2}.Release|Any CPU.ActiveCfg = Release|Any CPU
		{A9C90F6E-592D-4424-BFDB-B1F598BA63D2}.Release|Any CPU.Build.0 = Release|Any CPU
		{F348BAB5-8D43-4121-B898-167060BA4DE6}.Debug|Any CPU.ActiveCfg = Debug|Any CPU
		{F348BAB5-8D43-4121-B898-167060BA4DE6}.Debug|Any CPU.Build.0 = Debug|Any CPU
		{F348BAB5-8D43-4121-B898-167060BA4DE6}.Release|Any CPU.ActiveCfg = Release|Any CPU
		{F348BAB5-8D43-4121-B898-167060BA4DE6}.Release|Any CPU.Build.0 = Release|Any CPU
		{A706786C-4D24-464D-9211-6CEC95788CF9}.Debug|Any CPU.ActiveCfg = Debug|Any CPU
		{A706786C-4D24-464D-9211-6CEC95788CF9}.Debug|Any CPU.Build.0 = Debug|Any CPU
		{A706786C-4D24-464D-9211-6CEC95788CF9}.Release|Any CPU.ActiveCfg = Release|Any CPU
		{A706786C-4D24-464D-9211-6CEC95788CF9}.Release|Any CPU.Build.0 = Release|Any CPU
		{3389A26F-77AF-40F6-BE0B-03C149C9A7BD}.Debug|Any CPU.ActiveCfg = Debug|Any CPU
		{3389A26F-77AF-40F6-BE0B-03C149C9A7BD}.Debug|Any CPU.Build.0 = Debug|Any CPU
		{3389A26F-77AF-40F6-BE0B-03C149C9A7BD}.Release|Any CPU.ActiveCfg = Release|Any CPU
		{3389A26F-77AF-40F6-BE0B-03C149C9A7BD}.Release|Any CPU.Build.0 = Release|Any CPU
	EndGlobalSection
	GlobalSection(SolutionProperties) = preSolution
		HideSolutionNode = FALSE
	EndGlobalSection
	GlobalSection(ExtensibilityGlobals) = postSolution
		SolutionGuid = {D84CB85E-A9B1-483A-9BE5-D76B41E54099}
	EndGlobalSection
EndGlobal
