
Microsoft Visual Studio Solution File, Format Version 12.00
# Visual Studio 15
VisualStudioVersion = 15.0.27703.2047
MinimumVisualStudioVersion = 10.0.40219.1
Project("{9A19103F-16F7-4668-BE54-9A1E7A4F7556}") = "FluentFramework", "FluentFramework\FluentFramework.csproj", "{A9C90F6E-592D-4424-BFDB-B1F598BA63D2}"
EndProject
Global
	GlobalSection(SolutionConfigurationPlatforms) = preSolution
		Debug|Any CPU = Debug|Any CPU
		Release|Any CPU = Release|Any CPU
	EndGlobalSection
	GlobalSection(ProjectConfigurationPlatforms) = postSolution
		{A9C90F6E-592D-4424-BFDB-B1F598BA63D2}.Debug|Any CPU.ActiveCfg = Debug|Any CPU
		{A9C90F6E-592D-4424-BFDB-B1F598BA63D2}.Debug|Any CPU.Build.0 = Debug|Any CPU
		{A9C90F6E-592D-4424-BFDB-B1F598BA63D2}.Release|Any CPU.ActiveCfg = Release|Any CPU
		{A9C90F6E-592D-4424-BFDB-B1F598BA63D2}.Release|Any CPU.Build.0 = Release|Any CPU
	EndGlobalSection
	GlobalSection(SolutionProperties) = preSolution
		HideSolutionNode = FALSE
	EndGlobalSection
	GlobalSection(ExtensibilityGlobals) = postSolution
		SolutionGuid = {D84CB85E-A9B1-483A-9BE5-D76B41E54099}
	EndGlobalSection
EndGlobal
